
Microsoft Visual Studio Solution File, Format Version 12.00
# Visual Studio Version 17
VisualStudioVersion = 17.7.34003.232
MinimumVisualStudioVersion = 10.0.40219.1
Project("{2150E333-8FDC-42A3-9474-1A3956D46DE8}") = "Core", "Core", "{11D7DA86-2A39-4211-BA2E-EB7CD3DF8060}"
EndProject
Project("{FAE04EC0-301F-11D3-BF4B-00C04F79EFBC}") = "ECommerceAPI.Domain", "Core\ECommerceAPI.Domain\ECommerceAPI.Domain.csproj", "{DA817D18-BF0C-4C39-AA58-A079B12AE9A0}"
EndProject
Project("{FAE04EC0-301F-11D3-BF4B-00C04F79EFBC}") = "ECommerceAPI.Application", "Core\ECommerceAPI.Application\ECommerceAPI.Application.csproj", "{103E1E82-C616-4AA2-8EA4-A9092D7CFD59}"
EndProject
Global
	GlobalSection(SolutionConfigurationPlatforms) = preSolution
		Debug|Any CPU = Debug|Any CPU
		Release|Any CPU = Release|Any CPU
	EndGlobalSection
	GlobalSection(ProjectConfigurationPlatforms) = postSolution
		{DA817D18-BF0C-4C39-AA58-A079B12AE9A0}.Debug|Any CPU.ActiveCfg = Debug|Any CPU
		{DA817D18-BF0C-4C39-AA58-A079B12AE9A0}.Debug|Any CPU.Build.0 = Debug|Any CPU
		{DA817D18-BF0C-4C39-AA58-A079B12AE9A0}.Release|Any CPU.ActiveCfg = Release|Any CPU
		{DA817D18-BF0C-4C39-AA58-A079B12AE9A0}.Release|Any CPU.Build.0 = Release|Any CPU
		{103E1E82-C616-4AA2-8EA4-A9092D7CFD59}.Debug|Any CPU.ActiveCfg = Debug|Any CPU
		{103E1E82-C616-4AA2-8EA4-A9092D7CFD59}.Debug|Any CPU.Build.0 = Debug|Any CPU
		{103E1E82-C616-4AA2-8EA4-A9092D7CFD59}.Release|Any CPU.ActiveCfg = Release|Any CPU
		{103E1E82-C616-4AA2-8EA4-A9092D7CFD59}.Release|Any CPU.Build.0 = Release|Any CPU
	EndGlobalSection
	GlobalSection(SolutionProperties) = preSolution
		HideSolutionNode = FALSE
	EndGlobalSection
	GlobalSection(NestedProjects) = preSolution
		{DA817D18-BF0C-4C39-AA58-A079B12AE9A0} = {11D7DA86-2A39-4211-BA2E-EB7CD3DF8060}
		{103E1E82-C616-4AA2-8EA4-A9092D7CFD59} = {11D7DA86-2A39-4211-BA2E-EB7CD3DF8060}
	EndGlobalSection
	GlobalSection(ExtensibilityGlobals) = postSolution
		SolutionGuid = {81FA3387-63E3-4F98-892C-C8AFCABD020C}
	EndGlobalSection
EndGlobal
